
Microsoft Visual Studio Solution File, Format Version 12.00
# Visual Studio 15
VisualStudioVersion = 15.0.27703.2042
MinimumVisualStudioVersion = 10.0.40219.1
Project("{FAE04EC0-301F-11D3-BF4B-00C04F79EFBC}") = "ProjectZoo", "ProjectZoo\ProjectZoo.csproj", "{9806BD5E-8FD9-4149-ACF0-6C704DBD197D}"
EndProject
Global
	GlobalSection(SolutionConfigurationPlatforms) = preSolution
		Debug|Any CPU = Debug|Any CPU
		Release|Any CPU = Release|Any CPU
	EndGlobalSection
	GlobalSection(ProjectConfigurationPlatforms) = postSolution
		{9806BD5E-8FD9-4149-ACF0-6C704DBD197D}.Debug|Any CPU.ActiveCfg = Debug|Any CPU
		{9806BD5E-8FD9-4149-ACF0-6C704DBD197D}.Debug|Any CPU.Build.0 = Debug|Any CPU
		{9806BD5E-8FD9-4149-ACF0-6C704DBD197D}.Release|Any CPU.ActiveCfg = Release|Any CPU
		{9806BD5E-8FD9-4149-ACF0-6C704DBD197D}.Release|Any CPU.Build.0 = Release|Any CPU
	EndGlobalSection
	GlobalSection(SolutionProperties) = preSolution
		HideSolutionNode = FALSE
	EndGlobalSection
	GlobalSection(ExtensibilityGlobals) = postSolution
		SolutionGuid = {3797DF2A-BF97-49A8-B6E4-482466201CC0}
	EndGlobalSection
EndGlobal
